
Microsoft Visual Studio Solution File, Format Version 12.00
# Visual Studio Version 17
VisualStudioVersion = 17.7.34031.279
MinimumVisualStudioVersion = 10.0.40219.1
Project("{FAE04EC0-301F-11D3-BF4B-00C04F79EFBC}") = "Naocompreadote", "Naocompreadote\Naocompreadote.csproj", "{47654A0B-91D5-4E6A-84EB-4B3CDA9ED883}"
EndProject
Global
	GlobalSection(SolutionConfigurationPlatforms) = preSolution
		Debug|Any CPU = Debug|Any CPU
		Release|Any CPU = Release|Any CPU
	EndGlobalSection
	GlobalSection(ProjectConfigurationPlatforms) = postSolution
		{47654A0B-91D5-4E6A-84EB-4B3CDA9ED883}.Debug|Any CPU.ActiveCfg = Debug|Any CPU
		{47654A0B-91D5-4E6A-84EB-4B3CDA9ED883}.Debug|Any CPU.Build.0 = Debug|Any CPU
		{47654A0B-91D5-4E6A-84EB-4B3CDA9ED883}.Release|Any CPU.ActiveCfg = Release|Any CPU
		{47654A0B-91D5-4E6A-84EB-4B3CDA9ED883}.Release|Any CPU.Build.0 = Release|Any CPU
	EndGlobalSection
	GlobalSection(SolutionProperties) = preSolution
		HideSolutionNode = FALSE
	EndGlobalSection
	GlobalSection(ExtensibilityGlobals) = postSolution
		SolutionGuid = {1582C40E-507A-4F38-AC71-5B96CB6A0288}
	EndGlobalSection
EndGlobal
